
Microsoft Visual Studio Solution File, Format Version 12.00
# Visual Studio 14
VisualStudioVersion = 14.0.25420.1
MinimumVisualStudioVersion = 10.0.40219.1
Project("{FAE04EC0-301F-11D3-BF4B-00C04F79EFBC}") = "Fibonacci", "Fibonacci\Fibonacci.csproj", "{37C05483-D45F-4AFB-87DC-32069D035DA4}"
EndProject
Project("{FAE04EC0-301F-11D3-BF4B-00C04F79EFBC}") = "GenericCollection", "GenericCollection\GenericCollection.csproj", "{E9689A37-0C27-4841-831A-EE143BEA1B0C}"
EndProject
Project("{FAE04EC0-301F-11D3-BF4B-00C04F79EFBC}") = "GenericCollection.NUnitTests", "GenericCollection.NUnitTests\GenericCollection.NUnitTests.csproj", "{B5DC467B-729B-4CC0-AD90-CC4E346B60F1}"
EndProject
Project("{FAE04EC0-301F-11D3-BF4B-00C04F79EFBC}") = "GenericMatrix", "GenericMatrix\GenericMatrix.csproj", "{87EE5788-1D89-4C68-BE35-0B83A7F1E45C}"
EndProject
Project("{FAE04EC0-301F-11D3-BF4B-00C04F79EFBC}") = "GenericMatrix.NUnitTests", "GenericMatrix.NUnitTests\GenericMatrix.NUnitTests.csproj", "{118DF18D-FA44-4A72-A5A6-8F322D5B6324}"
EndProject
Project("{FAE04EC0-301F-11D3-BF4B-00C04F79EFBC}") = "GenericBinarySearchTree", "GenericBinarySearchTree\GenericBinarySearchTree.csproj", "{9AC3D380-53C4-423D-9253-8143B1472C8D}"
EndProject
Project("{FAE04EC0-301F-11D3-BF4B-00C04F79EFBC}") = "GenericBinarySearchTree.NUnitTests", "GenericBinarySearchTree.NUnitTests\GenericBinarySearchTree.NUnitTests.csproj", "{DA85A3D8-F1C0-4F25-BF5F-CC9BDE6D3A2F}"
EndProject
Global
	GlobalSection(SolutionConfigurationPlatforms) = preSolution
		Debug|Any CPU = Debug|Any CPU
		Release|Any CPU = Release|Any CPU
	EndGlobalSection
	GlobalSection(ProjectConfigurationPlatforms) = postSolution
		{37C05483-D45F-4AFB-87DC-32069D035DA4}.Debug|Any CPU.ActiveCfg = Debug|Any CPU
		{37C05483-D45F-4AFB-87DC-32069D035DA4}.Debug|Any CPU.Build.0 = Debug|Any CPU
		{37C05483-D45F-4AFB-87DC-32069D035DA4}.Release|Any CPU.ActiveCfg = Release|Any CPU
		{37C05483-D45F-4AFB-87DC-32069D035DA4}.Release|Any CPU.Build.0 = Release|Any CPU
		{E9689A37-0C27-4841-831A-EE143BEA1B0C}.Debug|Any CPU.ActiveCfg = Debug|Any CPU
		{E9689A37-0C27-4841-831A-EE143BEA1B0C}.Debug|Any CPU.Build.0 = Debug|Any CPU
		{E9689A37-0C27-4841-831A-EE143BEA1B0C}.Release|Any CPU.ActiveCfg = Release|Any CPU
		{E9689A37-0C27-4841-831A-EE143BEA1B0C}.Release|Any CPU.Build.0 = Release|Any CPU
		{B5DC467B-729B-4CC0-AD90-CC4E346B60F1}.Debug|Any CPU.ActiveCfg = Debug|Any CPU
		{B5DC467B-729B-4CC0-AD90-CC4E346B60F1}.Debug|Any CPU.Build.0 = Debug|Any CPU
		{B5DC467B-729B-4CC0-AD90-CC4E346B60F1}.Release|Any CPU.ActiveCfg = Release|Any CPU
		{B5DC467B-729B-4CC0-AD90-CC4E346B60F1}.Release|Any CPU.Build.0 = Release|Any CPU
		{87EE5788-1D89-4C68-BE35-0B83A7F1E45C}.Debug|Any CPU.ActiveCfg = Debug|Any CPU
		{87EE5788-1D89-4C68-BE35-0B83A7F1E45C}.Debug|Any CPU.Build.0 = Debug|Any CPU
		{87EE5788-1D89-4C68-BE35-0B83A7F1E45C}.Release|Any CPU.ActiveCfg = Release|Any CPU
		{87EE5788-1D89-4C68-BE35-0B83A7F1E45C}.Release|Any CPU.Build.0 = Release|Any CPU
		{118DF18D-FA44-4A72-A5A6-8F322D5B6324}.Debug|Any CPU.ActiveCfg = Debug|Any CPU
		{118DF18D-FA44-4A72-A5A6-8F322D5B6324}.Debug|Any CPU.Build.0 = Debug|Any CPU
		{118DF18D-FA44-4A72-A5A6-8F322D5B6324}.Release|Any CPU.ActiveCfg = Release|Any CPU
		{118DF18D-FA44-4A72-A5A6-8F322D5B6324}.Release|Any CPU.Build.0 = Release|Any CPU
		{9AC3D380-53C4-423D-9253-8143B1472C8D}.Debug|Any CPU.ActiveCfg = Debug|Any CPU
		{9AC3D380-53C4-423D-9253-8143B1472C8D}.Debug|Any CPU.Build.0 = Debug|Any CPU
		{9AC3D380-53C4-423D-9253-8143B1472C8D}.Release|Any CPU.ActiveCfg = Release|Any CPU
		{9AC3D380-53C4-423D-9253-8143B1472C8D}.Release|Any CPU.Build.0 = Release|Any CPU
		{DA85A3D8-F1C0-4F25-BF5F-CC9BDE6D3A2F}.Debug|Any CPU.ActiveCfg = Debug|Any CPU
		{DA85A3D8-F1C0-4F25-BF5F-CC9BDE6D3A2F}.Debug|Any CPU.Build.0 = Debug|Any CPU
		{DA85A3D8-F1C0-4F25-BF5F-CC9BDE6D3A2F}.Release|Any CPU.ActiveCfg = Release|Any CPU
		{DA85A3D8-F1C0-4F25-BF5F-CC9BDE6D3A2F}.Release|Any CPU.Build.0 = Release|Any CPU
	EndGlobalSection
	GlobalSection(SolutionProperties) = preSolution
		HideSolutionNode = FALSE
	EndGlobalSection
EndGlobal
